
Microsoft Visual Studio Solution File, Format Version 12.00
# Visual Studio Version 16
VisualStudioVersion = 16.0.30128.74
MinimumVisualStudioVersion = 10.0.40219.1
Project("{FAE04EC0-301F-11D3-BF4B-00C04F79EFBC}") = "AutorunMg", "AutorunMg\AutorunMg.csproj", "{6C50EB67-49E1-4FC2-9BB9-E0401498CD44}"
EndProject
Global
	GlobalSection(SolutionConfigurationPlatforms) = preSolution
		Debug|Any CPU = Debug|Any CPU
		Release|Any CPU = Release|Any CPU
	EndGlobalSection
	GlobalSection(ProjectConfigurationPlatforms) = postSolution
		{6C50EB67-49E1-4FC2-9BB9-E0401498CD44}.Debug|Any CPU.ActiveCfg = Debug|Any CPU
		{6C50EB67-49E1-4FC2-9BB9-E0401498CD44}.Debug|Any CPU.Build.0 = Debug|Any CPU
		{6C50EB67-49E1-4FC2-9BB9-E0401498CD44}.Release|Any CPU.ActiveCfg = Release|Any CPU
		{6C50EB67-49E1-4FC2-9BB9-E0401498CD44}.Release|Any CPU.Build.0 = Release|Any CPU
	EndGlobalSection
	GlobalSection(SolutionProperties) = preSolution
		HideSolutionNode = FALSE
	EndGlobalSection
	GlobalSection(ExtensibilityGlobals) = postSolution
		SolutionGuid = {903E8002-E100-4C5A-BD98-D31B951BEE37}
	EndGlobalSection
EndGlobal
